
Microsoft Visual Studio Solution File, Format Version 12.00
# Visual Studio 14
VisualStudioVersion = 14.0.25420.1
MinimumVisualStudioVersion = 10.0.40219.1
Project("{FAE04EC0-301F-11D3-BF4B-00C04F79EFBC}") = "SuiteCRMAddIn", "SuiteCRMAddIn\SuiteCRMAddIn.csproj", "{8EF51293-040D-4A83-AFC3-9EA8C328B653}"
EndProject
Project("{FAE04EC0-301F-11D3-BF4B-00C04F79EFBC}") = "SuiteCRMClient", "SuiteCRMClient\SuiteCRMClient.csproj", "{383E8EE7-604D-447D-A2C2-C50080D28F69}"
EndProject
Project("{FAE04EC0-301F-11D3-BF4B-00C04F79EFBC}") = "SuiteCRMAddInTests", "SuiteCRMAddInTests\SuiteCRMAddInTests.csproj", "{245DBFF1-8518-4EC9-9AB4-E00392396485}"
EndProject
Project("{2150E333-8FDC-42A3-9474-1A3956D46DE8}") = "Solution Items", "Solution Items", "{5848B79C-184D-414E-9E67-038D47F56C65}"
	ProjectSection(SolutionItems) = preProject
		Doxyfile = Doxyfile
		lgpl-3.0.md = lgpl-3.0.md
		README.md = README.md
	EndProjectSection
EndProject
Project("{930C7802-8A8C-48F9-8165-68863BCCD9DD}") = "SuiteCRMAddInWixSetup", "SuiteCRMAddInWixSetup\SuiteCRMAddInWixSetup.wixproj", "{03906F90-2AFD-411D-B1D5-BE9A934BAF74}"
	ProjectSection(ProjectDependencies) = postProject
		{8EF51293-040D-4A83-AFC3-9EA8C328B653} = {8EF51293-040D-4A83-AFC3-9EA8C328B653}
		{383E8EE7-604D-447D-A2C2-C50080D28F69} = {383E8EE7-604D-447D-A2C2-C50080D28F69}
	EndProjectSection
EndProject
Global
	GlobalSection(SolutionConfigurationPlatforms) = preSolution
		CD_ROM|Any CPU = CD_ROM|Any CPU
		CD_ROM|Mixed Platforms = CD_ROM|Mixed Platforms
		CD_ROM|x86 = CD_ROM|x86
		Debug|Any CPU = Debug|Any CPU
		Debug|Mixed Platforms = Debug|Mixed Platforms
		Debug|x86 = Debug|x86
		DVD-5|Any CPU = DVD-5|Any CPU
		DVD-5|Mixed Platforms = DVD-5|Mixed Platforms
		DVD-5|x86 = DVD-5|x86
		Release|Any CPU = Release|Any CPU
		Release|Mixed Platforms = Release|Mixed Platforms
		Release|x86 = Release|x86
		SingleImage|Any CPU = SingleImage|Any CPU
		SingleImage|Mixed Platforms = SingleImage|Mixed Platforms
		SingleImage|x86 = SingleImage|x86
	EndGlobalSection
	GlobalSection(ProjectConfigurationPlatforms) = postSolution
		{8EF51293-040D-4A83-AFC3-9EA8C328B653}.CD_ROM|Any CPU.ActiveCfg = Release|Any CPU
		{8EF51293-040D-4A83-AFC3-9EA8C328B653}.CD_ROM|Any CPU.Build.0 = Release|Any CPU
		{8EF51293-040D-4A83-AFC3-9EA8C328B653}.CD_ROM|Mixed Platforms.ActiveCfg = Release|Any CPU
		{8EF51293-040D-4A83-AFC3-9EA8C328B653}.CD_ROM|Mixed Platforms.Build.0 = Release|Any CPU
		{8EF51293-040D-4A83-AFC3-9EA8C328B653}.CD_ROM|x86.ActiveCfg = Release|Any CPU
		{8EF51293-040D-4A83-AFC3-9EA8C328B653}.Debug|Any CPU.ActiveCfg = Debug|Any CPU
		{8EF51293-040D-4A83-AFC3-9EA8C328B653}.Debug|Any CPU.Build.0 = Debug|Any CPU
		{8EF51293-040D-4A83-AFC3-9EA8C328B653}.Debug|Mixed Platforms.ActiveCfg = Debug|Any CPU
		{8EF51293-040D-4A83-AFC3-9EA8C328B653}.Debug|Mixed Platforms.Build.0 = Debug|Any CPU
		{8EF51293-040D-4A83-AFC3-9EA8C328B653}.Debug|x86.ActiveCfg = Debug|Any CPU
		{8EF51293-040D-4A83-AFC3-9EA8C328B653}.Debug|x86.Build.0 = Debug|Any CPU
		{8EF51293-040D-4A83-AFC3-9EA8C328B653}.DVD-5|Any CPU.ActiveCfg = Debug|Any CPU
		{8EF51293-040D-4A83-AFC3-9EA8C328B653}.DVD-5|Any CPU.Build.0 = Debug|Any CPU
		{8EF51293-040D-4A83-AFC3-9EA8C328B653}.DVD-5|Mixed Platforms.ActiveCfg = Debug|Any CPU
		{8EF51293-040D-4A83-AFC3-9EA8C328B653}.DVD-5|Mixed Platforms.Build.0 = Debug|Any CPU
		{8EF51293-040D-4A83-AFC3-9EA8C328B653}.DVD-5|x86.ActiveCfg = Debug|Any CPU
		{8EF51293-040D-4A83-AFC3-9EA8C328B653}.Release|Any CPU.ActiveCfg = Release|Any CPU
		{8EF51293-040D-4A83-AFC3-9EA8C328B653}.Release|Any CPU.Build.0 = Release|Any CPU
		{8EF51293-040D-4A83-AFC3-9EA8C328B653}.Release|Mixed Platforms.ActiveCfg = Release|Any CPU
		{8EF51293-040D-4A83-AFC3-9EA8C328B653}.Release|Mixed Platforms.Build.0 = Release|Any CPU
		{8EF51293-040D-4A83-AFC3-9EA8C328B653}.Release|x86.ActiveCfg = Release|Any CPU
		{8EF51293-040D-4A83-AFC3-9EA8C328B653}.Release|x86.Build.0 = Release|Any CPU
		{8EF51293-040D-4A83-AFC3-9EA8C328B653}.SingleImage|Any CPU.ActiveCfg = Release|Any CPU
		{8EF51293-040D-4A83-AFC3-9EA8C328B653}.SingleImage|Any CPU.Build.0 = Release|Any CPU
		{8EF51293-040D-4A83-AFC3-9EA8C328B653}.SingleImage|Mixed Platforms.ActiveCfg = Debug|Any CPU
		{8EF51293-040D-4A83-AFC3-9EA8C328B653}.SingleImage|Mixed Platforms.Build.0 = Debug|Any CPU
		{8EF51293-040D-4A83-AFC3-9EA8C328B653}.SingleImage|x86.ActiveCfg = Release|Any CPU
		{383E8EE7-604D-447D-A2C2-C50080D28F69}.CD_ROM|Any CPU.ActiveCfg = Release|Any CPU
		{383E8EE7-604D-447D-A2C2-C50080D28F69}.CD_ROM|Any CPU.Build.0 = Release|Any CPU
		{383E8EE7-604D-447D-A2C2-C50080D28F69}.CD_ROM|Mixed Platforms.ActiveCfg = Release|Any CPU
		{383E8EE7-604D-447D-A2C2-C50080D28F69}.CD_ROM|Mixed Platforms.Build.0 = Release|Any CPU
		{383E8EE7-604D-447D-A2C2-C50080D28F69}.CD_ROM|x86.ActiveCfg = Release|Any CPU
		{383E8EE7-604D-447D-A2C2-C50080D28F69}.Debug|Any CPU.ActiveCfg = Debug|Any CPU
		{383E8EE7-604D-447D-A2C2-C50080D28F69}.Debug|Any CPU.Build.0 = Debug|Any CPU
		{383E8EE7-604D-447D-A2C2-C50080D28F69}.Debug|Mixed Platforms.ActiveCfg = Debug|Any CPU
		{383E8EE7-604D-447D-A2C2-C50080D28F69}.Debug|Mixed Platforms.Build.0 = Debug|Any CPU
		{383E8EE7-604D-447D-A2C2-C50080D28F69}.Debug|x86.ActiveCfg = Debug|Any CPU
		{383E8EE7-604D-447D-A2C2-C50080D28F69}.Debug|x86.Build.0 = Debug|Any CPU
		{383E8EE7-604D-447D-A2C2-C50080D28F69}.DVD-5|Any CPU.ActiveCfg = Debug|Any CPU
		{383E8EE7-604D-447D-A2C2-C50080D28F69}.DVD-5|Any CPU.Build.0 = Debug|Any CPU
		{383E8EE7-604D-447D-A2C2-C50080D28F69}.DVD-5|Mixed Platforms.ActiveCfg = Debug|Any CPU
		{383E8EE7-604D-447D-A2C2-C50080D28F69}.DVD-5|Mixed Platforms.Build.0 = Debug|Any CPU
		{383E8EE7-604D-447D-A2C2-C50080D28F69}.DVD-5|x86.ActiveCfg = Debug|Any CPU
		{383E8EE7-604D-447D-A2C2-C50080D28F69}.Release|Any CPU.ActiveCfg = Release|Any CPU
		{383E8EE7-604D-447D-A2C2-C50080D28F69}.Release|Any CPU.Build.0 = Release|Any CPU
		{383E8EE7-604D-447D-A2C2-C50080D28F69}.Release|Mixed Platforms.ActiveCfg = Release|Any CPU
		{383E8EE7-604D-447D-A2C2-C50080D28F69}.Release|Mixed Platforms.Build.0 = Release|Any CPU
		{383E8EE7-604D-447D-A2C2-C50080D28F69}.Release|x86.ActiveCfg = Release|Any CPU
		{383E8EE7-604D-447D-A2C2-C50080D28F69}.Release|x86.Build.0 = Release|Any CPU
		{383E8EE7-604D-447D-A2C2-C50080D28F69}.SingleImage|Any CPU.ActiveCfg = Release|Any CPU
		{383E8EE7-604D-447D-A2C2-C50080D28F69}.SingleImage|Any CPU.Build.0 = Release|Any CPU
		{383E8EE7-604D-447D-A2C2-C50080D28F69}.SingleImage|Mixed Platforms.ActiveCfg = Debug|Any CPU
		{383E8EE7-604D-447D-A2C2-C50080D28F69}.SingleImage|Mixed Platforms.Build.0 = Debug|Any CPU
		{383E8EE7-604D-447D-A2C2-C50080D28F69}.SingleImage|x86.ActiveCfg = Release|Any CPU
		{245DBFF1-8518-4EC9-9AB4-E00392396485}.CD_ROM|Any CPU.ActiveCfg = Release|Any CPU
		{245DBFF1-8518-4EC9-9AB4-E00392396485}.CD_ROM|Any CPU.Build.0 = Release|Any CPU
		{245DBFF1-8518-4EC9-9AB4-E00392396485}.CD_ROM|Mixed Platforms.ActiveCfg = Release|Any CPU
		{245DBFF1-8518-4EC9-9AB4-E00392396485}.CD_ROM|Mixed Platforms.Build.0 = Release|Any CPU
		{245DBFF1-8518-4EC9-9AB4-E00392396485}.CD_ROM|x86.ActiveCfg = Release|Any CPU
		{245DBFF1-8518-4EC9-9AB4-E00392396485}.CD_ROM|x86.Build.0 = Release|Any CPU
		{245DBFF1-8518-4EC9-9AB4-E00392396485}.Debug|Any CPU.ActiveCfg = Debug|Any CPU
		{245DBFF1-8518-4EC9-9AB4-E00392396485}.Debug|Any CPU.Build.0 = Debug|Any CPU
		{245DBFF1-8518-4EC9-9AB4-E00392396485}.Debug|Mixed Platforms.ActiveCfg = Debug|Any CPU
		{245DBFF1-8518-4EC9-9AB4-E00392396485}.Debug|Mixed Platforms.Build.0 = Debug|Any CPU
		{245DBFF1-8518-4EC9-9AB4-E00392396485}.Debug|x86.ActiveCfg = Debug|Any CPU
		{245DBFF1-8518-4EC9-9AB4-E00392396485}.Debug|x86.Build.0 = Debug|Any CPU
		{245DBFF1-8518-4EC9-9AB4-E00392396485}.DVD-5|Any CPU.ActiveCfg = Debug|Any CPU
		{245DBFF1-8518-4EC9-9AB4-E00392396485}.DVD-5|Any CPU.Build.0 = Debug|Any CPU
		{245DBFF1-8518-4EC9-9AB4-E00392396485}.DVD-5|Mixed Platforms.ActiveCfg = Debug|Any CPU
		{245DBFF1-8518-4EC9-9AB4-E00392396485}.DVD-5|Mixed Platforms.Build.0 = Debug|Any CPU
		{245DBFF1-8518-4EC9-9AB4-E00392396485}.DVD-5|x86.ActiveCfg = Debug|Any CPU
		{245DBFF1-8518-4EC9-9AB4-E00392396485}.DVD-5|x86.Build.0 = Debug|Any CPU
		{245DBFF1-8518-4EC9-9AB4-E00392396485}.Release|Any CPU.ActiveCfg = Release|Any CPU
		{245DBFF1-8518-4EC9-9AB4-E00392396485}.Release|Any CPU.Build.0 = Release|Any CPU
		{245DBFF1-8518-4EC9-9AB4-E00392396485}.Release|Mixed Platforms.ActiveCfg = Release|Any CPU
		{245DBFF1-8518-4EC9-9AB4-E00392396485}.Release|Mixed Platforms.Build.0 = Release|Any CPU
		{245DBFF1-8518-4EC9-9AB4-E00392396485}.Release|x86.ActiveCfg = Release|Any CPU
		{245DBFF1-8518-4EC9-9AB4-E00392396485}.Release|x86.Build.0 = Release|Any CPU
		{245DBFF1-8518-4EC9-9AB4-E00392396485}.SingleImage|Any CPU.ActiveCfg = Release|Any CPU
		{245DBFF1-8518-4EC9-9AB4-E00392396485}.SingleImage|Any CPU.Build.0 = Release|Any CPU
		{245DBFF1-8518-4EC9-9AB4-E00392396485}.SingleImage|Mixed Platforms.ActiveCfg = Release|Any CPU
		{245DBFF1-8518-4EC9-9AB4-E00392396485}.SingleImage|Mixed Platforms.Build.0 = Release|Any CPU
		{245DBFF1-8518-4EC9-9AB4-E00392396485}.SingleImage|x86.ActiveCfg = Release|Any CPU
		{245DBFF1-8518-4EC9-9AB4-E00392396485}.SingleImage|x86.Build.0 = Release|Any CPU
		{03906F90-2AFD-411D-B1D5-BE9A934BAF74}.CD_ROM|Any CPU.ActiveCfg = Release|x86
		{03906F90-2AFD-411D-B1D5-BE9A934BAF74}.CD_ROM|Any CPU.Build.0 = Release|x86
		{03906F90-2AFD-411D-B1D5-BE9A934BAF74}.CD_ROM|Mixed Platforms.ActiveCfg = Release|x86
		{03906F90-2AFD-411D-B1D5-BE9A934BAF74}.CD_ROM|Mixed Platforms.Build.0 = Release|x86
		{03906F90-2AFD-411D-B1D5-BE9A934BAF74}.CD_ROM|x86.ActiveCfg = Release|x86
		{03906F90-2AFD-411D-B1D5-BE9A934BAF74}.CD_ROM|x86.Build.0 = Release|x86
		{03906F90-2AFD-411D-B1D5-BE9A934BAF74}.Debug|Any CPU.ActiveCfg = Debug|x86
		{03906F90-2AFD-411D-B1D5-BE9A934BAF74}.Debug|Mixed Platforms.ActiveCfg = Debug|x86
		{03906F90-2AFD-411D-B1D5-BE9A934BAF74}.Debug|Mixed Platforms.Build.0 = Debug|x86
		{03906F90-2AFD-411D-B1D5-BE9A934BAF74}.Debug|x86.ActiveCfg = Debug|x86
		{03906F90-2AFD-411D-B1D5-BE9A934BAF74}.Debug|x86.Build.0 = Debug|x86
		{03906F90-2AFD-411D-B1D5-BE9A934BAF74}.DVD-5|Any CPU.ActiveCfg = Release|x86
		{03906F90-2AFD-411D-B1D5-BE9A934BAF74}.DVD-5|Any CPU.Build.0 = Release|x86
		{03906F90-2AFD-411D-B1D5-BE9A934BAF74}.DVD-5|Mixed Platforms.ActiveCfg = Debug|x86
		{03906F90-2AFD-411D-B1D5-BE9A934BAF74}.DVD-5|Mixed Platforms.Build.0 = Debug|x86
		{03906F90-2AFD-411D-B1D5-BE9A934BAF74}.DVD-5|x86.ActiveCfg = Debug|x86
		{03906F90-2AFD-411D-B1D5-BE9A934BAF74}.DVD-5|x86.Build.0 = Debug|x86
		{03906F90-2AFD-411D-B1D5-BE9A934BAF74}.Release|Any CPU.ActiveCfg = Release|x86
		{03906F90-2AFD-411D-B1D5-BE9A934BAF74}.Release|Mixed Platforms.ActiveCfg = Release|x86
		{03906F90-2AFD-411D-B1D5-BE9A934BAF74}.Release|Mixed Platforms.Build.0 = Release|x86
		{03906F90-2AFD-411D-B1D5-BE9A934BAF74}.Release|x86.ActiveCfg = Release|x86
		{03906F90-2AFD-411D-B1D5-BE9A934BAF74}.Release|x86.Build.0 = Release|x86
		{03906F90-2AFD-411D-B1D5-BE9A934BAF74}.SingleImage|Any CPU.ActiveCfg = Release|x86
		{03906F90-2AFD-411D-B1D5-BE9A934BAF74}.SingleImage|Any CPU.Build.0 = Release|x86
		{03906F90-2AFD-411D-B1D5-BE9A934BAF74}.SingleImage|Mixed Platforms.ActiveCfg = Release|x86
		{03906F90-2AFD-411D-B1D5-BE9A934BAF74}.SingleImage|Mixed Platforms.Build.0 = Release|x86
		{03906F90-2AFD-411D-B1D5-BE9A934BAF74}.SingleImage|x86.ActiveCfg = Release|x86
		{03906F90-2AFD-411D-B1D5-BE9A934BAF74}.SingleImage|x86.Build.0 = Release|x86
	EndGlobalSection
	GlobalSection(SolutionProperties) = preSolution
		HideSolutionNode = FALSE
	EndGlobalSection
	GlobalSection(SubversionScc) = preSolution
		Svn-Managed = True
		Manager = AnkhSVN - Subversion Support for Visual Studio
	EndGlobalSection
EndGlobal
